
Microsoft Visual Studio Solution File, Format Version 12.00
# Visual Studio 14
VisualStudioVersion = 14.0.25420.1
MinimumVisualStudioVersion = 10.0.40219.1
Project("{FAE04EC0-301F-11D3-BF4B-00C04F79EFBC}") = "ConsoleApplication1", "ConsoleApplication1\ConsoleApplication1.csproj", "{37A3731C-C376-4989-A391-319587DC933A}"
EndProject
Project("{FAE04EC0-301F-11D3-BF4B-00C04F79EFBC}") = "Shared", "Shared\Shared.csproj", "{3F741E87-DC4F-4109-92F2-3145E8E5F59D}"
EndProject
Project("{FAE04EC0-301F-11D3-BF4B-00C04F79EFBC}") = "ConsoleApplication2", "ConsoleApplication2\ConsoleApplication2.csproj", "{79C7EF49-AEBC-4F63-A2AC-63AD5652C5D9}"
EndProject
Project("{FAE04EC0-301F-11D3-BF4B-00C04F79EFBC}") = "ConsoleApplication3", "ConsoleApplication3\ConsoleApplication3.csproj", "{E7F38F2A-DD19-4529-A204-60EB9629FEE9}"
EndProject
Project("{FAE04EC0-301F-11D3-BF4B-00C04F79EFBC}") = "ConsoleApplication4", "ConsoleApplication4\ConsoleApplication4.csproj", "{3BECDC0E-945F-4E5E-9F81-05299DF771EC}"
EndProject
Project("{FAE04EC0-301F-11D3-BF4B-00C04F79EFBC}") = "ConsoleApplication5", "ConsoleApplication5\ConsoleApplication5.csproj", "{7CCDD6E1-71BD-4807-A0B1-B9FD0CFD43C0}"
EndProject
Global
	GlobalSection(SolutionConfigurationPlatforms) = preSolution
		Debug|Any CPU = Debug|Any CPU
		Release|Any CPU = Release|Any CPU
	EndGlobalSection
	GlobalSection(ProjectConfigurationPlatforms) = postSolution
		{37A3731C-C376-4989-A391-319587DC933A}.Debug|Any CPU.ActiveCfg = Debug|Any CPU
		{37A3731C-C376-4989-A391-319587DC933A}.Debug|Any CPU.Build.0 = Debug|Any CPU
		{37A3731C-C376-4989-A391-319587DC933A}.Release|Any CPU.ActiveCfg = Release|Any CPU
		{37A3731C-C376-4989-A391-319587DC933A}.Release|Any CPU.Build.0 = Release|Any CPU
		{3F741E87-DC4F-4109-92F2-3145E8E5F59D}.Debug|Any CPU.ActiveCfg = Debug|Any CPU
		{3F741E87-DC4F-4109-92F2-3145E8E5F59D}.Debug|Any CPU.Build.0 = Debug|Any CPU
		{3F741E87-DC4F-4109-92F2-3145E8E5F59D}.Release|Any CPU.ActiveCfg = Release|Any CPU
		{3F741E87-DC4F-4109-92F2-3145E8E5F59D}.Release|Any CPU.Build.0 = Release|Any CPU
		{79C7EF49-AEBC-4F63-A2AC-63AD5652C5D9}.Debug|Any CPU.ActiveCfg = Debug|Any CPU
		{79C7EF49-AEBC-4F63-A2AC-63AD5652C5D9}.Debug|Any CPU.Build.0 = Debug|Any CPU
		{79C7EF49-AEBC-4F63-A2AC-63AD5652C5D9}.Release|Any CPU.ActiveCfg = Release|Any CPU
		{79C7EF49-AEBC-4F63-A2AC-63AD5652C5D9}.Release|Any CPU.Build.0 = Release|Any CPU
		{E7F38F2A-DD19-4529-A204-60EB9629FEE9}.Debug|Any CPU.ActiveCfg = Debug|Any CPU
		{E7F38F2A-DD19-4529-A204-60EB9629FEE9}.Debug|Any CPU.Build.0 = Debug|Any CPU
		{E7F38F2A-DD19-4529-A204-60EB9629FEE9}.Release|Any CPU.ActiveCfg = Release|Any CPU
		{E7F38F2A-DD19-4529-A204-60EB9629FEE9}.Release|Any CPU.Build.0 = Release|Any CPU
		{3BECDC0E-945F-4E5E-9F81-05299DF771EC}.Debug|Any CPU.ActiveCfg = Debug|Any CPU
		{3BECDC0E-945F-4E5E-9F81-05299DF771EC}.Debug|Any CPU.Build.0 = Debug|Any CPU
		{3BECDC0E-945F-4E5E-9F81-05299DF771EC}.Release|Any CPU.ActiveCfg = Release|Any CPU
		{3BECDC0E-945F-4E5E-9F81-05299DF771EC}.Release|Any CPU.Build.0 = Release|Any CPU
		{7CCDD6E1-71BD-4807-A0B1-B9FD0CFD43C0}.Debug|Any CPU.ActiveCfg = Debug|Any CPU
		{7CCDD6E1-71BD-4807-A0B1-B9FD0CFD43C0}.Debug|Any CPU.Build.0 = Debug|Any CPU
		{7CCDD6E1-71BD-4807-A0B1-B9FD0CFD43C0}.Release|Any CPU.ActiveCfg = Release|Any CPU
		{7CCDD6E1-71BD-4807-A0B1-B9FD0CFD43C0}.Release|Any CPU.Build.0 = Release|Any CPU
	EndGlobalSection
	GlobalSection(SolutionProperties) = preSolution
		HideSolutionNode = FALSE
	EndGlobalSection
EndGlobal
